// !$*UTF8*$!
{
	archiveVersion = 1;
	classes = {
	};
	objectVersion = 46;
	objects = {

/* Begin PBXBuildFile section */
		4D25BE0619BC538E00579C10 /* SlideNavigationController.m in Sources */ = {isa = PBXBuildFile; fileRef = 4D25BE0419BC538E00579C10 /* SlideNavigationController.m */; };
		4D25BE1219BC53A800579C10 /* SlideNavigationContorllerAnimatorFade.m in Sources */ = {isa = PBXBuildFile; fileRef = 4D25BE0919BC53A800579C10 /* SlideNavigationContorllerAnimatorFade.m */; };
		4D25BE1319BC53A800579C10 /* SlideNavigationContorllerAnimatorScale.m in Sources */ = {isa = PBXBuildFile; fileRef = 4D25BE0B19BC53A800579C10 /* SlideNavigationContorllerAnimatorScale.m */; };
		4D25BE1419BC53A800579C10 /* SlideNavigationContorllerAnimatorScaleAndFade.m in Sources */ = {isa = PBXBuildFile; fileRef = 4D25BE0D19BC53A800579C10 /* SlideNavigationContorllerAnimatorScaleAndFade.m */; };
		4D25BE1519BC53A800579C10 /* SlideNavigationContorllerAnimatorSlide.m in Sources */ = {isa = PBXBuildFile; fileRef = 4D25BE0F19BC53A800579C10 /* SlideNavigationContorllerAnimatorSlide.m */; };
		4D25BE1619BC53A800579C10 /* SlideNavigationContorllerAnimatorSlideAndFade.m in Sources */ = {isa = PBXBuildFile; fileRef = 4D25BE1119BC53A800579C10 /* SlideNavigationContorllerAnimatorSlideAndFade.m */; };
		4D5F166519B9A1CF003BC065 /* Foundation.framework in Frameworks */ = {isa = PBXBuildFile; fileRef = 4D5F166419B9A1CF003BC065 /* Foundation.framework */; };
		4D5F166719B9A1CF003BC065 /* CoreGraphics.framework in Frameworks */ = {isa = PBXBuildFile; fileRef = 4D5F166619B9A1CF003BC065 /* CoreGraphics.framework */; };
		4D5F166919B9A1CF003BC065 /* UIKit.framework in Frameworks */ = {isa = PBXBuildFile; fileRef = 4D5F166819B9A1CF003BC065 /* UIKit.framework */; };
		4D5F166F19B9A1CF003BC065 /* InfoPlist.strings in Resources */ = {isa = PBXBuildFile; fileRef = 4D5F166D19B9A1CF003BC065 /* InfoPlist.strings */; };
		4D5F167119B9A1CF003BC065 /* main.m in Sources */ = {isa = PBXBuildFile; fileRef = 4D5F167019B9A1CF003BC065 /* main.m */; };
		4D5F167519B9A1CF003BC065 /* URMAppDelegate.m in Sources */ = {isa = PBXBuildFile; fileRef = 4D5F167419B9A1CF003BC065 /* URMAppDelegate.m */; };
		4D5F167819B9A1CF003BC065 /* Main.storyboard in Resources */ = {isa = PBXBuildFile; fileRef = 4D5F167619B9A1CF003BC065 /* Main.storyboard */; };
		4D5F167B19B9A1CF003BC065 /* URMViewController.m in Sources */ = {isa = PBXBuildFile; fileRef = 4D5F167A19B9A1CF003BC065 /* URMViewController.m */; };
		4D5F167D19B9A1CF003BC065 /* Images.xcassets in Resources */ = {isa = PBXBuildFile; fileRef = 4D5F167C19B9A1CF003BC065 /* Images.xcassets */; };
		4D5F168419B9A1CF003BC065 /* XCTest.framework in Frameworks */ = {isa = PBXBuildFile; fileRef = 4D5F168319B9A1CF003BC065 /* XCTest.framework */; };
		4D5F168519B9A1CF003BC065 /* Foundation.framework in Frameworks */ = {isa = PBXBuildFile; fileRef = 4D5F166419B9A1CF003BC065 /* Foundation.framework */; };
		4D5F168619B9A1CF003BC065 /* UIKit.framework in Frameworks */ = {isa = PBXBuildFile; fileRef = 4D5F166819B9A1CF003BC065 /* UIKit.framework */; };
		4D5F168E19B9A1CF003BC065 /* InfoPlist.strings in Resources */ = {isa = PBXBuildFile; fileRef = 4D5F168C19B9A1CF003BC065 /* InfoPlist.strings */; };
		4D5F169019B9A1CF003BC065 /* UptimeRobotMobileTests.m in Sources */ = {isa = PBXBuildFile; fileRef = 4D5F168F19B9A1CF003BC065 /* UptimeRobotMobileTests.m */; };
/* End PBXBuildFile section */

/* Begin PBXContainerItemProxy section */
		4D5F168719B9A1CF003BC065 /* PBXContainerItemProxy */ = {
			isa = PBXContainerItemProxy;
			containerPortal = 4D5F165919B9A1CF003BC065 /* Project object */;
			proxyType = 1;
			remoteGlobalIDString = 4D5F166019B9A1CF003BC065;
			remoteInfo = UptimeRobotMobile;
		};
/* End PBXContainerItemProxy section */

/* Begin PBXFileReference section */
		4D25BE0419BC538E00579C10 /* SlideNavigationController.m */ = {isa = PBXFileReference; fileEncoding = 4; lastKnownFileType = sourcecode.c.objc; name = SlideNavigationController.m; path = Resources/Controls/SlideNavigationController.m; sourceTree = "<group>"; };
		4D25BE0519BC538E00579C10 /* SlideNavigationController.h */ = {isa = PBXFileReference; fileEncoding = 4; lastKnownFileType = sourcecode.c.h; name = SlideNavigationController.h; path = Resources/Controls/SlideNavigationController.h; sourceTree = "<group>"; };
		4D25BE0719BC53A800579C10 /* SlideNavigationContorllerAnimator.h */ = {isa = PBXFileReference; fileEncoding = 4; lastKnownFileType = sourcecode.c.h; name = SlideNavigationContorllerAnimator.h; path = Resources/Controls/Animations/SlideNavigationContorllerAnimator.h; sourceTree = "<group>"; };
		4D25BE0819BC53A800579C10 /* SlideNavigationContorllerAnimatorFade.h */ = {isa = PBXFileReference; fileEncoding = 4; lastKnownFileType = sourcecode.c.h; name = SlideNavigationContorllerAnimatorFade.h; path = Resources/Controls/Animations/SlideNavigationContorllerAnimatorFade.h; sourceTree = "<group>"; };
		4D25BE0919BC53A800579C10 /* SlideNavigationContorllerAnimatorFade.m */ = {isa = PBXFileReference; fileEncoding = 4; lastKnownFileType = sourcecode.c.objc; name = SlideNavigationContorllerAnimatorFade.m; path = Resources/Controls/Animations/SlideNavigationContorllerAnimatorFade.m; sourceTree = "<group>"; };
		4D25BE0A19BC53A800579C10 /* SlideNavigationContorllerAnimatorScale.h */ = {isa = PBXFileReference; fileEncoding = 4; lastKnownFileType = sourcecode.c.h; name = SlideNavigationContorllerAnimatorScale.h; path = Resources/Controls/Animations/SlideNavigationContorllerAnimatorScale.h; sourceTree = "<group>"; };
		4D25BE0B19BC53A800579C10 /* SlideNavigationContorllerAnimatorScale.m */ = {isa = PBXFileReference; fileEncoding = 4; lastKnownFileType = sourcecode.c.objc; name = SlideNavigationContorllerAnimatorScale.m; path = Resources/Controls/Animations/SlideNavigationContorllerAnimatorScale.m; sourceTree = "<group>"; };
		4D25BE0C19BC53A800579C10 /* SlideNavigationContorllerAnimatorScaleAndFade.h */ = {isa = PBXFileReference; fileEncoding = 4; lastKnownFileType = sourcecode.c.h; name = SlideNavigationContorllerAnimatorScaleAndFade.h; path = Resources/Controls/Animations/SlideNavigationContorllerAnimatorScaleAndFade.h; sourceTree = "<group>"; };
		4D25BE0D19BC53A800579C10 /* SlideNavigationContorllerAnimatorScaleAndFade.m */ = {isa = PBXFileReference; fileEncoding = 4; lastKnownFileType = sourcecode.c.objc; name = SlideNavigationContorllerAnimatorScaleAndFade.m; path = Resources/Controls/Animations/SlideNavigationContorllerAnimatorScaleAndFade.m; sourceTree = "<group>"; };
		4D25BE0E19BC53A800579C10 /* SlideNavigationContorllerAnimatorSlide.h */ = {isa = PBXFileReference; fileEncoding = 4; lastKnownFileType = sourcecode.c.h; name = SlideNavigationContorllerAnimatorSlide.h; path = Resources/Controls/Animations/SlideNavigationContorllerAnimatorSlide.h; sourceTree = "<group>"; };
		4D25BE0F19BC53A800579C10 /* SlideNavigationContorllerAnimatorSlide.m */ = {isa = PBXFileReference; fileEncoding = 4; lastKnownFileType = sourcecode.c.objc; name = SlideNavigationContorllerAnimatorSlide.m; path = Resources/Controls/Animations/SlideNavigationContorllerAnimatorSlide.m; sourceTree = "<group>"; };
		4D25BE1019BC53A800579C10 /* SlideNavigationContorllerAnimatorSlideAndFade.h */ = {isa = PBXFileReference; fileEncoding = 4; lastKnownFileType = sourcecode.c.h; name = SlideNavigationContorllerAnimatorSlideAndFade.h; path = Resources/Controls/Animations/SlideNavigationContorllerAnimatorSlideAndFade.h; sourceTree = "<group>"; };
		4D25BE1119BC53A800579C10 /* SlideNavigationContorllerAnimatorSlideAndFade.m */ = {isa = PBXFileReference; fileEncoding = 4; lastKnownFileType = sourcecode.c.objc; name = SlideNavigationContorllerAnimatorSlideAndFade.m; path = Resources/Controls/Animations/SlideNavigationContorllerAnimatorSlideAndFade.m; sourceTree = "<group>"; };
		4D5F166119B9A1CF003BC065 /* UptimeRobotMobile.app */ = {isa = PBXFileReference; explicitFileType = wrapper.application; includeInIndex = 0; path = UptimeRobotMobile.app; sourceTree = BUILT_PRODUCTS_DIR; };
		4D5F166419B9A1CF003BC065 /* Foundation.framework */ = {isa = PBXFileReference; lastKnownFileType = wrapper.framework; name = Foundation.framework; path = System/Library/Frameworks/Foundation.framework; sourceTree = SDKROOT; };
		4D5F166619B9A1CF003BC065 /* CoreGraphics.framework */ = {isa = PBXFileReference; lastKnownFileType = wrapper.framework; name = CoreGraphics.framework; path = System/Library/Frameworks/CoreGraphics.framework; sourceTree = SDKROOT; };
		4D5F166819B9A1CF003BC065 /* UIKit.framework */ = {isa = PBXFileReference; lastKnownFileType = wrapper.framework; name = UIKit.framework; path = System/Library/Frameworks/UIKit.framework; sourceTree = SDKROOT; };
		4D5F166C19B9A1CF003BC065 /* UptimeRobotMobile-Info.plist */ = {isa = PBXFileReference; lastKnownFileType = text.plist.xml; path = "UptimeRobotMobile-Info.plist"; sourceTree = "<group>"; };
		4D5F166E19B9A1CF003BC065 /* en */ = {isa = PBXFileReference; lastKnownFileType = text.plist.strings; name = en; path = en.lproj/InfoPlist.strings; sourceTree = "<group>"; };
		4D5F167019B9A1CF003BC065 /* main.m */ = {isa = PBXFileReference; lastKnownFileType = sourcecode.c.objc; path = main.m; sourceTree = "<group>"; };
		4D5F167219B9A1CF003BC065 /* UptimeRobotMobile-Prefix.pch */ = {isa = PBXFileReference; lastKnownFileType = sourcecode.c.h; path = "UptimeRobotMobile-Prefix.pch"; sourceTree = "<group>"; };
		4D5F167319B9A1CF003BC065 /* URMAppDelegate.h */ = {isa = PBXFileReference; lastKnownFileType = sourcecode.c.h; path = URMAppDelegate.h; sourceTree = "<group>"; };
		4D5F167419B9A1CF003BC065 /* URMAppDelegate.m */ = {isa = PBXFileReference; lastKnownFileType = sourcecode.c.objc; path = URMAppDelegate.m; sourceTree = "<group>"; };
		4D5F167719B9A1CF003BC065 /* Base */ = {isa = PBXFileReference; lastKnownFileType = file.storyboard; name = Base; path = Base.lproj/Main.storyboard; sourceTree = "<group>"; };
		4D5F167919B9A1CF003BC065 /* URMViewController.h */ = {isa = PBXFileReference; lastKnownFileType = sourcecode.c.h; path = URMViewController.h; sourceTree = "<group>"; };
		4D5F167A19B9A1CF003BC065 /* URMViewController.m */ = {isa = PBXFileReference; lastKnownFileType = sourcecode.c.objc; path = URMViewController.m; sourceTree = "<group>"; };
		4D5F167C19B9A1CF003BC065 /* Images.xcassets */ = {isa = PBXFileReference; lastKnownFileType = folder.assetcatalog; path = Images.xcassets; sourceTree = "<group>"; };
		4D5F168219B9A1CF003BC065 /* UptimeRobotMobileTests.xctest */ = {isa = PBXFileReference; explicitFileType = wrapper.cfbundle; includeInIndex = 0; path = UptimeRobotMobileTests.xctest; sourceTree = BUILT_PRODUCTS_DIR; };
		4D5F168319B9A1CF003BC065 /* XCTest.framework */ = {isa = PBXFileReference; lastKnownFileType = wrapper.framework; name = XCTest.framework; path = Library/Frameworks/XCTest.framework; sourceTree = DEVELOPER_DIR; };
		4D5F168B19B9A1CF003BC065 /* UptimeRobotMobileTests-Info.plist */ = {isa = PBXFileReference; lastKnownFileType = text.plist.xml; path = "UptimeRobotMobileTests-Info.plist"; sourceTree = "<group>"; };
		4D5F168D19B9A1CF003BC065 /* en */ = {isa = PBXFileReference; lastKnownFileType = text.plist.strings; name = en; path = en.lproj/InfoPlist.strings; sourceTree = "<group>"; };
		4D5F168F19B9A1CF003BC065 /* UptimeRobotMobileTests.m */ = {isa = PBXFileReference; lastKnownFileType = sourcecode.c.objc; path = UptimeRobotMobileTests.m; sourceTree = "<group>"; };
/* End PBXFileReference section */

/* Begin PBXFrameworksBuildPhase section */
		4D5F165E19B9A1CF003BC065 /* Frameworks */ = {
			isa = PBXFrameworksBuildPhase;
			buildActionMask = 2147483647;
			files = (
				4D5F166719B9A1CF003BC065 /* CoreGraphics.framework in Frameworks */,
				4D5F166919B9A1CF003BC065 /* UIKit.framework in Frameworks */,
				4D5F166519B9A1CF003BC065 /* Foundation.framework in Frameworks */,
			);
			runOnlyForDeploymentPostprocessing = 0;
		};
		4D5F167F19B9A1CF003BC065 /* Frameworks */ = {
			isa = PBXFrameworksBuildPhase;
			buildActionMask = 2147483647;
			files = (
				4D5F168419B9A1CF003BC065 /* XCTest.framework in Frameworks */,
				4D5F168619B9A1CF003BC065 /* UIKit.framework in Frameworks */,
				4D5F168519B9A1CF003BC065 /* Foundation.framework in Frameworks */,
			);
			runOnlyForDeploymentPostprocessing = 0;
		};
/* End PBXFrameworksBuildPhase section */

/* Begin PBXGroup section */
		4D25BE0019BC515800579C10 /* Resources */ = {
			isa = PBXGroup;
			children = (
				4D25BE0119BC519200579C10 /* Controls */,
			);
			name = Resources;
			sourceTree = "<group>";
		};
		4D25BE0119BC519200579C10 /* Controls */ = {
			isa = PBXGroup;
			children = (
				4D25BE0219BC519E00579C10 /* SlideMenu */,
			);
			name = Controls;
			sourceTree = "<group>";
		};
		4D25BE0219BC519E00579C10 /* SlideMenu */ = {
			isa = PBXGroup;
			children = (
				4D25BE0419BC538E00579C10 /* SlideNavigationController.m */,
				4D25BE0519BC538E00579C10 /* SlideNavigationController.h */,
				4D25BE0319BC525B00579C10 /* Animations */,
			);
			name = SlideMenu;
			sourceTree = "<group>";
		};
		4D25BE0319BC525B00579C10 /* Animations */ = {
			isa = PBXGroup;
			children = (
				4D25BE0719BC53A800579C10 /* SlideNavigationContorllerAnimator.h */,
				4D25BE0819BC53A800579C10 /* SlideNavigationContorllerAnimatorFade.h */,
				4D25BE0919BC53A800579C10 /* SlideNavigationContorllerAnimatorFade.m */,
				4D25BE0A19BC53A800579C10 /* SlideNavigationContorllerAnimatorScale.h */,
				4D25BE0B19BC53A800579C10 /* SlideNavigationContorllerAnimatorScale.m */,
				4D25BE0C19BC53A800579C10 /* SlideNavigationContorllerAnimatorScaleAndFade.h */,
				4D25BE0D19BC53A800579C10 /* SlideNavigationContorllerAnimatorScaleAndFade.m */,
				4D25BE0E19BC53A800579C10 /* SlideNavigationContorllerAnimatorSlide.h */,
				4D25BE0F19BC53A800579C10 /* SlideNavigationContorllerAnimatorSlide.m */,
				4D25BE1019BC53A800579C10 /* SlideNavigationContorllerAnimatorSlideAndFade.h */,
				4D25BE1119BC53A800579C10 /* SlideNavigationContorllerAnimatorSlideAndFade.m */,
			);
			name = Animations;
			sourceTree = "<group>";
		};
		4D5F165819B9A1CF003BC065 = {
			isa = PBXGroup;
			children = (
				4D5F166A19B9A1CF003BC065 /* UptimeRobotMobile */,
				4D5F168919B9A1CF003BC065 /* UptimeRobotMobileTests */,
				4D5F166319B9A1CF003BC065 /* Frameworks */,
				4D5F166219B9A1CF003BC065 /* Products */,
			);
			sourceTree = "<group>";
		};
		4D5F166219B9A1CF003BC065 /* Products */ = {
			isa = PBXGroup;
			children = (
				4D5F166119B9A1CF003BC065 /* UptimeRobotMobile.app */,
				4D5F168219B9A1CF003BC065 /* UptimeRobotMobileTests.xctest */,
			);
			name = Products;
			sourceTree = "<group>";
		};
		4D5F166319B9A1CF003BC065 /* Frameworks */ = {
			isa = PBXGroup;
			children = (
				4D5F166419B9A1CF003BC065 /* Foundation.framework */,
				4D5F166619B9A1CF003BC065 /* CoreGraphics.framework */,
				4D5F166819B9A1CF003BC065 /* UIKit.framework */,
				4D5F168319B9A1CF003BC065 /* XCTest.framework */,
			);
			name = Frameworks;
			sourceTree = "<group>";
		};
		4D5F166A19B9A1CF003BC065 /* UptimeRobotMobile */ = {
			isa = PBXGroup;
			children = (
				4D25BE0019BC515800579C10 /* Resources */,
				4D5F167319B9A1CF003BC065 /* URMAppDelegate.h */,
				4D5F167419B9A1CF003BC065 /* URMAppDelegate.m */,
				4D5F167619B9A1CF003BC065 /* Main.storyboard */,
				4D5F167919B9A1CF003BC065 /* URMViewController.h */,
				4D5F167A19B9A1CF003BC065 /* URMViewController.m */,
				4D5F167C19B9A1CF003BC065 /* Images.xcassets */,
				4D5F166B19B9A1CF003BC065 /* Supporting Files */,
			);
			path = UptimeRobotMobile;
			sourceTree = "<group>";
		};
		4D5F166B19B9A1CF003BC065 /* Supporting Files */ = {
			isa = PBXGroup;
			children = (
				4D5F166C19B9A1CF003BC065 /* UptimeRobotMobile-Info.plist */,
				4D5F166D19B9A1CF003BC065 /* InfoPlist.strings */,
				4D5F167019B9A1CF003BC065 /* main.m */,
				4D5F167219B9A1CF003BC065 /* UptimeRobotMobile-Prefix.pch */,
			);
			name = "Supporting Files";
			sourceTree = "<group>";
		};
		4D5F168919B9A1CF003BC065 /* UptimeRobotMobileTests */ = {
			isa = PBXGroup;
			children = (
				4D5F168F19B9A1CF003BC065 /* UptimeRobotMobileTests.m */,
				4D5F168A19B9A1CF003BC065 /* Supporting Files */,
			);
			path = UptimeRobotMobileTests;
			sourceTree = "<group>";
		};
		4D5F168A19B9A1CF003BC065 /* Supporting Files */ = {
			isa = PBXGroup;
			children = (
				4D5F168B19B9A1CF003BC065 /* UptimeRobotMobileTests-Info.plist */,
				4D5F168C19B9A1CF003BC065 /* InfoPlist.strings */,
			);
			name = "Supporting Files";
			sourceTree = "<group>";
		};
/* End PBXGroup section */

/* Begin PBXNativeTarget section */
		4D5F166019B9A1CF003BC065 /* UptimeRobotMobile */ = {
			isa = PBXNativeTarget;
			buildConfigurationList = 4D5F169319B9A1CF003BC065 /* Build configuration list for PBXNativeTarget "UptimeRobotMobile" */;
			buildPhases = (
				4D5F165D19B9A1CF003BC065 /* Sources */,
				4D5F165E19B9A1CF003BC065 /* Frameworks */,
				4D5F165F19B9A1CF003BC065 /* Resources */,
			);
			buildRules = (
			);
			dependencies = (
			);
			name = UptimeRobotMobile;
			productName = UptimeRobotMobile;
			productReference = 4D5F166119B9A1CF003BC065 /* UptimeRobotMobile.app */;
			productType = "com.apple.product-type.application";
		};
		4D5F168119B9A1CF003BC065 /* UptimeRobotMobileTests */ = {
			isa = PBXNativeTarget;
			buildConfigurationList = 4D5F169619B9A1CF003BC065 /* Build configuration list for PBXNativeTarget "UptimeRobotMobileTests" */;
			buildPhases = (
				4D5F167E19B9A1CF003BC065 /* Sources */,
				4D5F167F19B9A1CF003BC065 /* Frameworks */,
				4D5F168019B9A1CF003BC065 /* Resources */,
			);
			buildRules = (
			);
			dependencies = (
				4D5F168819B9A1CF003BC065 /* PBXTargetDependency */,
			);
			name = UptimeRobotMobileTests;
			productName = UptimeRobotMobileTests;
			productReference = 4D5F168219B9A1CF003BC065 /* UptimeRobotMobileTests.xctest */;
			productType = "com.apple.product-type.bundle.unit-test";
		};
/* End PBXNativeTarget section */

/* Begin PBXProject section */
		4D5F165919B9A1CF003BC065 /* Project object */ = {
			isa = PBXProject;
			attributes = {
				CLASSPREFIX = URM;
				LastUpgradeCheck = 0510;
				ORGANIZATIONNAME = "Pasu Huang";
				TargetAttributes = {
					4D5F168119B9A1CF003BC065 = {
						TestTargetID = 4D5F166019B9A1CF003BC065;
					};
				};
			};
			buildConfigurationList = 4D5F165C19B9A1CF003BC065 /* Build configuration list for PBXProject "UptimeRobotMobile" */;
			compatibilityVersion = "Xcode 3.2";
			developmentRegion = English;
			hasScannedForEncodings = 0;
			knownRegions = (
				en,
				Base,
			);
			mainGroup = 4D5F165819B9A1CF003BC065;
			productRefGroup = 4D5F166219B9A1CF003BC065 /* Products */;
			projectDirPath = "";
			projectRoot = "";
			targets = (
				4D5F166019B9A1CF003BC065 /* UptimeRobotMobile */,
				4D5F168119B9A1CF003BC065 /* UptimeRobotMobileTests */,
			);
		};
/* End PBXProject section */

/* Begin PBXResourcesBuildPhase section */
		4D5F165F19B9A1CF003BC065 /* Resources */ = {
			isa = PBXResourcesBuildPhase;
			buildActionMask = 2147483647;
			files = (
				4D5F167D19B9A1CF003BC065 /* Images.xcassets in Resources */,
				4D5F166F19B9A1CF003BC065 /* InfoPlist.strings in Resources */,
				4D5F167819B9A1CF003BC065 /* Main.storyboard in Resources */,
			);
			runOnlyForDeploymentPostprocessing = 0;
		};
		4D5F168019B9A1CF003BC065 /* Resources */ = {
			isa = PBXResourcesBuildPhase;
			buildActionMask = 2147483647;
			files = (
				4D5F168E19B9A1CF003BC065 /* InfoPlist.strings in Resources */,
			);
			runOnlyForDeploymentPostprocessing = 0;
		};
/* End PBXResourcesBuildPhase section */

/* Begin PBXSourcesBuildPhase section */
		4D5F165D19B9A1CF003BC065 /* Sources */ = {
			isa = PBXSourcesBuildPhase;
			buildActionMask = 2147483647;
			files = (
				4D5F167B19B9A1CF003BC065 /* URMViewController.m in Sources */,
				4D25BE1319BC53A800579C10 /* SlideNavigationContorllerAnimatorScale.m in Sources */,
				4D25BE1619BC53A800579C10 /* SlideNavigationContorllerAnimatorSlideAndFade.m in Sources */,
				4D25BE1419BC53A800579C10 /* SlideNavigationContorllerAnimatorScaleAndFade.m in Sources */,
				4D5F167119B9A1CF003BC065 /* main.m in Sources */,
				4D25BE1519BC53A800579C10 /* SlideNavigationContorllerAnimatorSlide.m in Sources */,
				4D5F167519B9A1CF003BC065 /* URMAppDelegate.m in Sources */,
				4D25BE0619BC538E00579C10 /* SlideNavigationController.m in Sources */,
				4D25BE1219BC53A800579C10 /* SlideNavigationContorllerAnimatorFade.m in Sources */,
			);
			runOnlyForDeploymentPostprocessing = 0;
		};
		4D5F167E19B9A1CF003BC065 /* Sources */ = {
			isa = PBXSourcesBuildPhase;
			buildActionMask = 2147483647;
			files = (
				4D5F169019B9A1CF003BC065 /* UptimeRobotMobileTests.m in Sources */,
			);
			runOnlyForDeploymentPostprocessing = 0;
		};
/* End PBXSourcesBuildPhase section */

/* Begin PBXTargetDependency section */
		4D5F168819B9A1CF003BC065 /* PBXTargetDependency */ = {
			isa = PBXTargetDependency;
			target = 4D5F166019B9A1CF003BC065 /* UptimeRobotMobile */;
			targetProxy = 4D5F168719B9A1CF003BC065 /* PBXContainerItemProxy */;
		};
/* End PBXTargetDependency section */

/* Begin PBXVariantGroup section */
		4D5F166D19B9A1CF003BC065 /* InfoPlist.strings */ = {
			isa = PBXVariantGroup;
			children = (
				4D5F166E19B9A1CF003BC065 /* en */,
			);
			name = InfoPlist.strings;
			sourceTree = "<group>";
		};
		4D5F167619B9A1CF003BC065 /* Main.storyboard */ = {
			isa = PBXVariantGroup;
			children = (
				4D5F167719B9A1CF003BC065 /* Base */,
			);
			name = Main.storyboard;
			sourceTree = "<group>";
		};
		4D5F168C19B9A1CF003BC065 /* InfoPlist.strings */ = {
			isa = PBXVariantGroup;
			children = (
				4D5F168D19B9A1CF003BC065 /* en */,
			);
			name = InfoPlist.strings;
			sourceTree = "<group>";
		};
/* End PBXVariantGroup section */

/* Begin XCBuildConfiguration section */
		4D5F169119B9A1CF003BC065 /* Debug */ = {
			isa = XCBuildConfiguration;
			buildSettings = {
				ALWAYS_SEARCH_USER_PATHS = NO;
				CLANG_CXX_LANGUAGE_STANDARD = "gnu++0x";
				CLANG_CXX_LIBRARY = "libc++";
				CLANG_ENABLE_MODULES = YES;
				CLANG_ENABLE_OBJC_ARC = YES;
				CLANG_WARN_BOOL_CONVERSION = YES;
				CLANG_WARN_CONSTANT_CONVERSION = YES;
				CLANG_WARN_DIRECT_OBJC_ISA_USAGE = YES_ERROR;
				CLANG_WARN_EMPTY_BODY = YES;
				CLANG_WARN_ENUM_CONVERSION = YES;
				CLANG_WARN_INT_CONVERSION = YES;
				CLANG_WARN_OBJC_ROOT_CLASS = YES_ERROR;
				CLANG_WARN__DUPLICATE_METHOD_MATCH = YES;
				"CODE_SIGN_IDENTITY[sdk=iphoneos*]" = "iPhone Developer";
				COPY_PHASE_STRIP = NO;
				GCC_C_LANGUAGE_STANDARD = gnu99;
				GCC_DYNAMIC_NO_PIC = NO;
				GCC_OPTIMIZATION_LEVEL = 0;
				GCC_PREPROCESSOR_DEFINITIONS = (
					"DEBUG=1",
					"$(inherited)",
				);
				GCC_SYMBOLS_PRIVATE_EXTERN = NO;
				GCC_WARN_64_TO_32_BIT_CONVERSION = YES;
				GCC_WARN_ABOUT_RETURN_TYPE = YES_ERROR;
				GCC_WARN_UNDECLARED_SELECTOR = YES;
				GCC_WARN_UNINITIALIZED_AUTOS = YES_AGGRESSIVE;
				GCC_WARN_UNUSED_FUNCTION = YES;
				GCC_WARN_UNUSED_VARIABLE = YES;
				IPHONEOS_DEPLOYMENT_TARGET = 7.1;
				ONLY_ACTIVE_ARCH = YES;
				SDKROOT = iphoneos;
			};
			name = Debug;
		};
		4D5F169219B9A1CF003BC065 /* Release */ = {
			isa = XCBuildConfiguration;
			buildSettings = {
				ALWAYS_SEARCH_USER_PATHS = NO;
				CLANG_CXX_LANGUAGE_STANDARD = "gnu++0x";
				CLANG_CXX_LIBRARY = "libc++";
				CLANG_ENABLE_MODULES = YES;
				CLANG_ENABLE_OBJC_ARC = YES;
				CLANG_WARN_BOOL_CONVERSION = YES;
				CLANG_WARN_CONSTANT_CONVERSION = YES;
				CLANG_WARN_DIRECT_OBJC_ISA_USAGE = YES_ERROR;
				CLANG_WARN_EMPTY_BODY = YES;
				CLANG_WARN_ENUM_CONVERSION = YES;
				CLANG_WARN_INT_CONVERSION = YES;
				CLANG_WARN_OBJC_ROOT_CLASS = YES_ERROR;
				CLANG_WARN__DUPLICATE_METHOD_MATCH = YES;
				"CODE_SIGN_IDENTITY[sdk=iphoneos*]" = "iPhone Developer";
				COPY_PHASE_STRIP = YES;
				ENABLE_NS_ASSERTIONS = NO;
				GCC_C_LANGUAGE_STANDARD = gnu99;
				GCC_WARN_64_TO_32_BIT_CONVERSION = YES;
				GCC_WARN_ABOUT_RETURN_TYPE = YES_ERROR;
				GCC_WARN_UNDECLARED_SELECTOR = YES;
				GCC_WARN_UNINITIALIZED_AUTOS = YES_AGGRESSIVE;
				GCC_WARN_UNUSED_FUNCTION = YES;
				GCC_WARN_UNUSED_VARIABLE = YES;
				IPHONEOS_DEPLOYMENT_TARGET = 7.1;
				SDKROOT = iphoneos;
				VALIDATE_PRODUCT = YES;
			};
			name = Release;
		};
		4D5F169419B9A1CF003BC065 /* Debug */ = {
			isa = XCBuildConfiguration;
			buildSettings = {
				ASSETCATALOG_COMPILER_APPICON_NAME = AppIcon;
				ASSETCATALOG_COMPILER_LAUNCHIMAGE_NAME = LaunchImage;
				GCC_PRECOMPILE_PREFIX_HEADER = YES;
				GCC_PREFIX_HEADER = "UptimeRobotMobile/UptimeRobotMobile-Prefix.pch";
				INFOPLIST_FILE = "UptimeRobotMobile/UptimeRobotMobile-Info.plist";
				PRODUCT_NAME = "$(TARGET_NAME)";
				WRAPPER_EXTENSION = app;
			};
			name = Debug;
		};
		4D5F169519B9A1CF003BC065 /* Release */ = {
			isa = XCBuildConfiguration;
			buildSettings = {
				ASSETCATALOG_COMPILER_APPICON_NAME = AppIcon;
				ASSETCATALOG_COMPILER_LAUNCHIMAGE_NAME = LaunchImage;
				GCC_PRECOMPILE_PREFIX_HEADER = YES;
				GCC_PREFIX_HEADER = "UptimeRobotMobile/UptimeRobotMobile-Prefix.pch";
				INFOPLIST_FILE = "UptimeRobotMobile/UptimeRobotMobile-Info.plist";
				PRODUCT_NAME = "$(TARGET_NAME)";
				WRAPPER_EXTENSION = app;
			};
			name = Release;
		};
		4D5F169719B9A1CF003BC065 /* Debug */ = {
			isa = XCBuildConfiguration;
			buildSettings = {
				BUNDLE_LOADER = "$(BUILT_PRODUCTS_DIR)/UptimeRobotMobile.app/UptimeRobotMobile";
				FRAMEWORK_SEARCH_PATHS = (
					"$(SDKROOT)/Developer/Library/Frameworks",
					"$(inherited)",
					"$(DEVELOPER_FRAMEWORKS_DIR)",
				);
				GCC_PRECOMPILE_PREFIX_HEADER = YES;
				GCC_PREFIX_HEADER = "UptimeRobotMobile/UptimeRobotMobile-Prefix.pch";
				GCC_PREPROCESSOR_DEFINITIONS = (
					"DEBUG=1",
					"$(inherited)",
				);
				INFOPLIST_FILE = "UptimeRobotMobileTests/UptimeRobotMobileTests-Info.plist";
				PRODUCT_NAME = "$(TARGET_NAME)";
				TEST_HOST = "$(BUNDLE_LOADER)";
				WRAPPER_EXTENSION = xctest;
			};
			name = Debug;
		};
		4D5F169819B9A1CF003BC065 /* Release */ = {
			isa = XCBuildConfiguration;
			buildSettings = {
				BUNDLE_LOADER = "$(BUILT_PRODUCTS_DIR)/UptimeRobotMobile.app/UptimeRobotMobile";
				FRAMEWORK_SEARCH_PATHS = (
					"$(SDKROOT)/Developer/Library/Frameworks",
					"$(inherited)",
					"$(DEVELOPER_FRAMEWORKS_DIR)",
				);
				GCC_PRECOMPILE_PREFIX_HEADER = YES;
				GCC_PREFIX_HEADER = "UptimeRobotMobile/UptimeRobotMobile-Prefix.pch";
				INFOPLIST_FILE = "UptimeRobotMobileTests/UptimeRobotMobileTests-Info.plist";
				PRODUCT_NAME = "$(TARGET_NAME)";
				TEST_HOST = "$(BUNDLE_LOADER)";
				WRAPPER_EXTENSION = xctest;
			};
			name = Release;
		};
/* End XCBuildConfiguration section */

/* Begin XCConfigurationList section */
		4D5F165C19B9A1CF003BC065 /* Build configuration list for PBXProject "UptimeRobotMobile" */ = {
			isa = XCConfigurationList;
			buildConfigurations = (
				4D5F169119B9A1CF003BC065 /* Debug */,
				4D5F169219B9A1CF003BC065 /* Release */,
			);
			defaultConfigurationIsVisible = 0;
			defaultConfigurationName = Release;
		};
		4D5F169319B9A1CF003BC065 /* Build configuration list for PBXNativeTarget "UptimeRobotMobile" */ = {
			isa = XCConfigurationList;
			buildConfigurations = (
				4D5F169419B9A1CF003BC065 /* Debug */,
				4D5F169519B9A1CF003BC065 /* Release */,
			);
			defaultConfigurationIsVisible = 0;
			defaultConfigurationName = Release;
		};
		4D5F169619B9A1CF003BC065 /* Build configuration list for PBXNativeTarget "UptimeRobotMobileTests" */ = {
			isa = XCConfigurationList;
			buildConfigurations = (
				4D5F169719B9A1CF003BC065 /* Debug */,
				4D5F169819B9A1CF003BC065 /* Release */,
			);
			defaultConfigurationIsVisible = 0;
			defaultConfigurationName = Release;
		};
/* End XCConfigurationList section */
	};
	rootObject = 4D5F165919B9A1CF003BC065 /* Project object */;
}
